<?xml version="1.0" encoding="utf-8"?>
<Project ToolsVersion="4.0" xmlns="http://schemas.microsoft.com/developer/msbuild/2003">
  <ItemGroup>
    <ClCompile Include="RedBook.cpp" />
    <ClCompile Include="external\imgui\imgui.cpp">
      <Filter>imgui</Filter>
    </ClCompile>
    <ClCompile Include="external\imgui\imgui_demo.cpp">
      <Filter>imgui</Filter>
    </ClCompile>
    <ClCompile Include="external\imgui\imgui_draw.cpp">
      <Filter>imgui</Filter>
    </ClCompile>
    <ClCompile Include="external\imgui\backends\imgui_impl_glfw.cpp">
      <Filter>imgui</Filter>
    </ClCompile>
    <ClCompile Include="external\imgui\backends\imgui_impl_opengl3.cpp">
      <Filter>imgui</Filter>
    </ClCompile>
    <ClCompile Include="external\imgui\imgui_tables.cpp">
      <Filter>imgui</Filter>
    </ClCompile>
    <ClCompile Include="external\imgui\imgui_widgets.cpp">
      <Filter>imgui</Filter>
    </ClCompile>
    <ClCompile Include="Perlin.cpp">
      <Filter>Utilities\Source</Filter>
    </ClCompile>
    <ClCompile Include="SamplePoint.cpp">
      <Filter>RegionalData\Source</Filter>
    </ClCompile>
    <ClCompile Include="MeshPoint.cpp">
      <Filter>RegionalData\Source</Filter>
    </ClCompile>
    <ClCompile Include="MeshConnection.cpp">
      <Filter>RegionalData\Source</Filter>
    </ClCompile>
    <ClCompile Include="MeshMidPoint.cpp">
      <Filter>RegionalData\Source</Filter>
    </ClCompile>
    <ClCompile Include="TerrainTemplate.cpp">
      <Filter>Utilities\Source</Filter>
    </ClCompile>
    <ClCompile Include="TerrainType.cpp">
      <Filter>Utilities\Source</Filter>
    </ClCompile>
    <ClCompile Include="RegionalMap.cpp">
      <Filter>RegionalData\Source</Filter>
    </ClCompile>
    <ClCompile Include="VoronoiAlgorithms.cpp">
      <Filter>Algorithms\Source</Filter>
    </ClCompile>
    <ClCompile Include="LocalMap.cpp">
      <Filter>LocalData\Source</Filter>
    </ClCompile>
    <ClCompile Include="WaterDroplet.cpp">
      <Filter>Algorithms\Source</Filter>
    </ClCompile>
    <ClCompile Include="WorldMap.cpp">
      <Filter>UserInterface\Source</Filter>
    </ClCompile>
  </ItemGroup>
  <ItemGroup>
    <ClInclude Include="external\imgui\imconfig.h">
      <Filter>imgui</Filter>
    </ClInclude>
    <ClInclude Include="external\imgui\imgui.h">
      <Filter>imgui</Filter>
    </ClInclude>
    <ClInclude Include="external\imgui\backends\imgui_impl_glfw.h">
      <Filter>imgui</Filter>
    </ClInclude>
    <ClInclude Include="external\imgui\backends\imgui_impl_opengl3.h">
      <Filter>imgui</Filter>
    </ClInclude>
    <ClInclude Include="external\imgui\backends\imgui_impl_opengl3_loader.h">
      <Filter>imgui</Filter>
    </ClInclude>
    <ClInclude Include="external\imgui\imgui_internal.h">
      <Filter>imgui</Filter>
    </ClInclude>
    <ClInclude Include="external\imgui\imstb_rectpack.h">
      <Filter>imgui</Filter>
    </ClInclude>
    <ClInclude Include="external\imgui\imstb_textedit.h">
      <Filter>imgui</Filter>
    </ClInclude>
    <ClInclude Include="external\imgui\imstb_truetype.h">
      <Filter>imgui</Filter>
    </ClInclude>
    <ClInclude Include="Switches.h">
      <Filter>Utilities\Headers</Filter>
    </ClInclude>
    <ClInclude Include="Perlin.h">
      <Filter>Utilities\Headers</Filter>
    </ClInclude>
    <ClInclude Include="MathToolkit.h">
      <Filter>Utilities\Headers</Filter>
    </ClInclude>
    <ClInclude Include="SamplePoint.h">
      <Filter>RegionalData\Headers</Filter>
    </ClInclude>
    <ClInclude Include="MeshPoint.h">
      <Filter>RegionalData\Headers</Filter>
    </ClInclude>
    <ClInclude Include="MeshConnection.h">
      <Filter>RegionalData\Headers</Filter>
    </ClInclude>
    <ClInclude Include="MeshMidPoint.h">
      <Filter>RegionalData\Headers</Filter>
    </ClInclude>
    <ClInclude Include="TerrainTemplate.h">
      <Filter>Utilities\Headers</Filter>
    </ClInclude>
    <ClInclude Include="TerrainType.h">
      <Filter>Utilities\Headers</Filter>
    </ClInclude>
    <ClInclude Include="RegionalMap.h">
      <Filter>RegionalData\Headers</Filter>
    </ClInclude>
    <ClInclude Include="GlobalRand.h">
      <Filter>Utilities\Headers</Filter>
    </ClInclude>
    <ClInclude Include="VoronoiAlgorithms.h">
      <Filter>Algorithms\Headers</Filter>
    </ClInclude>
    <ClInclude Include="WatermapValue.h">
      <Filter>LocalData\Headers</Filter>
    </ClInclude>
    <ClInclude Include="LocalMap.h">
      <Filter>LocalData\Headers</Filter>
    </ClInclude>
    <ClInclude Include="WaterDroplet.h">
      <Filter>Algorithms\Headers</Filter>
    </ClInclude>
    <ClInclude Include="WorldMap.h">
      <Filter>UserInterface\Headers</Filter>
    </ClInclude>
  </ItemGroup>
  <ItemGroup>
    <Filter Include="imgui">
      <UniqueIdentifier>{7153d13d-b113-4a83-b6f9-cc467bd1eec5}</UniqueIdentifier>
    </Filter>
    <Filter Include="Utilities">
      <UniqueIdentifier>{03a4424a-aa7e-4ed2-9a52-14d2537ae93e}</UniqueIdentifier>
    </Filter>
    <Filter Include="Utilities\Headers">
      <UniqueIdentifier>{0d126d09-6571-48bd-b386-cfb57aaddbf5}</UniqueIdentifier>
    </Filter>
    <Filter Include="Utilities\Source">
      <UniqueIdentifier>{8dd24e83-0a5c-42c4-8420-1624982ef753}</UniqueIdentifier>
    </Filter>
    <Filter Include="RegionalData">
      <UniqueIdentifier>{f0d4334c-c792-4cf1-9d68-02907a6104df}</UniqueIdentifier>
    </Filter>
    <Filter Include="RegionalData\Headers">
      <UniqueIdentifier>{03770ef0-34d2-46bb-8529-f6725f48c495}</UniqueIdentifier>
    </Filter>
    <Filter Include="RegionalData\Source">
      <UniqueIdentifier>{f21cd1b2-3f5c-49e1-b3e5-5b13c90d0706}</UniqueIdentifier>
    </Filter>
    <Filter Include="LocalData">
      <UniqueIdentifier>{7d59837b-3469-4ee7-bdc8-5f8e09c69340}</UniqueIdentifier>
    </Filter>
    <Filter Include="LocalData\Headers">
      <UniqueIdentifier>{257d1556-6d66-42d3-8f8e-1cc7d34666fa}</UniqueIdentifier>
    </Filter>
    <Filter Include="LocalData\Source">
      <UniqueIdentifier>{c8e4ab65-4ecd-42d1-8c6b-aafb87f2fd44}</UniqueIdentifier>
    </Filter>
    <Filter Include="Algorithms">
      <UniqueIdentifier>{526ec2b6-fd41-4a87-9f76-20b6354213de}</UniqueIdentifier>
    </Filter>
    <Filter Include="Algorithms\Headers">
      <UniqueIdentifier>{125afcf2-c5ae-445e-b694-0f834325f2c8}</UniqueIdentifier>
    </Filter>
    <Filter Include="Algorithms\Source">
      <UniqueIdentifier>{5727ef9f-4c76-4fae-aeb4-eb29f3733987}</UniqueIdentifier>
    </Filter>
    <Filter Include="UserInterface">
      <UniqueIdentifier>{b4bbcb45-ab7f-41d4-9a14-5dea633294c3}</UniqueIdentifier>
    </Filter>
    <Filter Include="UserInterface\Source">
      <UniqueIdentifier>{7a10c97c-351d-424a-8657-2b0445df15a5}</UniqueIdentifier>
    </Filter>
    <Filter Include="UserInterface\Headers">
      <UniqueIdentifier>{ce5d54dd-f434-457c-a62d-34592a508d10}</UniqueIdentifier>
    </Filter>
  </ItemGroup>
</Project>