<?xml version="1.0" encoding="utf-8"?>
<Project ToolsVersion="4.0" xmlns="http://schemas.microsoft.com/developer/msbuild/2003">
  <ItemGroup>
    <ClCompile Include="RedBook.cpp" />
    <ClCompile Include="external\imgui\imgui.cpp">
      <Filter>imgui</Filter>
    </ClCompile>
    <ClCompile Include="external\imgui\imgui_demo.cpp">
      <Filter>imgui</Filter>
    </ClCompile>
    <ClCompile Include="external\imgui\imgui_draw.cpp">
      <Filter>imgui</Filter>
    </ClCompile>
    <ClCompile Include="external\imgui\backends\imgui_impl_glfw.cpp">
      <Filter>imgui</Filter>
    </ClCompile>
    <ClCompile Include="external\imgui\backends\imgui_impl_opengl3.cpp">
      <Filter>imgui</Filter>
    </ClCompile>
    <ClCompile Include="external\imgui\imgui_tables.cpp">
      <Filter>imgui</Filter>
    </ClCompile>
    <ClCompile Include="external\imgui\imgui_widgets.cpp">
      <Filter>imgui</Filter>
    </ClCompile>
    <ClCompile Include="Perlin.cpp">
      <Filter>Utilities\Source</Filter>
    </ClCompile>
  </ItemGroup>
  <ItemGroup>
    <ClInclude Include="external\imgui\imconfig.h">
      <Filter>imgui</Filter>
    </ClInclude>
    <ClInclude Include="external\imgui\imgui.h">
      <Filter>imgui</Filter>
    </ClInclude>
    <ClInclude Include="external\imgui\backends\imgui_impl_glfw.h">
      <Filter>imgui</Filter>
    </ClInclude>
    <ClInclude Include="external\imgui\backends\imgui_impl_opengl3.h">
      <Filter>imgui</Filter>
    </ClInclude>
    <ClInclude Include="external\imgui\backends\imgui_impl_opengl3_loader.h">
      <Filter>imgui</Filter>
    </ClInclude>
    <ClInclude Include="external\imgui\imgui_internal.h">
      <Filter>imgui</Filter>
    </ClInclude>
    <ClInclude Include="external\imgui\imstb_rectpack.h">
      <Filter>imgui</Filter>
    </ClInclude>
    <ClInclude Include="external\imgui\imstb_textedit.h">
      <Filter>imgui</Filter>
    </ClInclude>
    <ClInclude Include="external\imgui\imstb_truetype.h">
      <Filter>imgui</Filter>
    </ClInclude>
    <ClInclude Include="Switches.h">
      <Filter>Utilities\Headers</Filter>
    </ClInclude>
    <ClInclude Include="Perlin.h">
      <Filter>Utilities\Headers</Filter>
    </ClInclude>
  </ItemGroup>
  <ItemGroup>
    <Filter Include="imgui">
      <UniqueIdentifier>{7153d13d-b113-4a83-b6f9-cc467bd1eec5}</UniqueIdentifier>
    </Filter>
    <Filter Include="Maps">
      <UniqueIdentifier>{f0d4334c-c792-4cf1-9d68-02907a6104df}</UniqueIdentifier>
    </Filter>
    <Filter Include="Maps\Headers">
      <UniqueIdentifier>{03770ef0-34d2-46bb-8529-f6725f48c495}</UniqueIdentifier>
    </Filter>
    <Filter Include="Maps\Source">
      <UniqueIdentifier>{f21cd1b2-3f5c-49e1-b3e5-5b13c90d0706}</UniqueIdentifier>
    </Filter>
    <Filter Include="DataBuffers">
      <UniqueIdentifier>{7d59837b-3469-4ee7-bdc8-5f8e09c69340}</UniqueIdentifier>
    </Filter>
    <Filter Include="DataBuffers\Headers">
      <UniqueIdentifier>{257d1556-6d66-42d3-8f8e-1cc7d34666fa}</UniqueIdentifier>
    </Filter>
    <Filter Include="DataBuffers\Source">
      <UniqueIdentifier>{c8e4ab65-4ecd-42d1-8c6b-aafb87f2fd44}</UniqueIdentifier>
    </Filter>
    <Filter Include="Utilities">
      <UniqueIdentifier>{03a4424a-aa7e-4ed2-9a52-14d2537ae93e}</UniqueIdentifier>
    </Filter>
    <Filter Include="Utilities\Headers">
      <UniqueIdentifier>{0d126d09-6571-48bd-b386-cfb57aaddbf5}</UniqueIdentifier>
    </Filter>
    <Filter Include="Utilities\Source">
      <UniqueIdentifier>{8dd24e83-0a5c-42c4-8420-1624982ef753}</UniqueIdentifier>
    </Filter>
  </ItemGroup>
</Project>